
Microsoft Visual Studio Solution File, Format Version 12.00
Project("{FAE04EC0-301F-11D3-BF4B-00C04F79EFBC}") = "Webcrawler", "Webcrawler\Webcrawler.csproj", "{864A5D4D-F9B4-4864-ACF9-009464898623}"
EndProject
Global
	GlobalSection(SolutionConfigurationPlatforms) = preSolution
		Debug|Any CPU = Debug|Any CPU
		Release|Any CPU = Release|Any CPU
	EndGlobalSection
	GlobalSection(ProjectConfigurationPlatforms) = postSolution
		{864A5D4D-F9B4-4864-ACF9-009464898623}.Debug|Any CPU.ActiveCfg = Debug|Any CPU
		{864A5D4D-F9B4-4864-ACF9-009464898623}.Debug|Any CPU.Build.0 = Debug|Any CPU
		{864A5D4D-F9B4-4864-ACF9-009464898623}.Release|Any CPU.ActiveCfg = Release|Any CPU
		{864A5D4D-F9B4-4864-ACF9-009464898623}.Release|Any CPU.Build.0 = Release|Any CPU
	EndGlobalSection
EndGlobal
